{
  "name": "benchmarks-ab-demo",
  "version": "0.1.0",
  "lockfileVersion": 3,
  "requires": true,
  "packages": {
    "": {
      "name": "benchmarks-ab-demo",
      "version": "0.1.0",
      "license": "MIT",
      "dependencies": {
        "vertex-palace": "0.2.1"
      },
      "bin": {
        "vertex-palace-benchmark": "bin/benchmark.mjs"
      },
      "engines": {
        "node": ">=20"
      }
    },
    "node_modules/vertex-palace": {
      "version": "0.2.1",
      "resolved": "https://registry.npmjs.org/vertex-palace/-/vertex-palace-0.2.1.tgz",
      "integrity": "sha512-X//HzKCYw5NlfDvIFbwnPE09y8L0QGBIReWf5BzyGfFycZGIriSh+Y/D37cibzRehNZjrdm9B1iI2LkTrQNkDw==",
      "license": "MIT",
      "bin": {
        "palace": "dist/palace.cjs",
        "vertex-palace": "dist/palace.cjs",
        "vertex-palace-mcp": "plugins/vertex-palace/mcp/server.cjs",
        "vertex-palace-mcp-stdio": "plugins/vertex-palace/mcp/server.cjs"
      },
      "engines": {
        "node": ">=20"
      }
    }
  }
}
